
Microsoft Visual Studio Solution File, Format Version 12.00
# Visual Studio Version 16
VisualStudioVersion = 16.0.30011.22
MinimumVisualStudioVersion = 10.0.40219.1
Project("{2150E333-8FDC-42A3-9474-1A3956D46DE8}") = "Notifikation", "Notifikation", "{631A58E6-F5AE-4309-B0DE-54D3DFE075C0}"
EndProject
Project("{2150E333-8FDC-42A3-9474-1A3956D46DE8}") = "TaskManager", "TaskManager", "{26BF30A7-2652-46D9-9A3D-D17B4A10581B}"
EndProject
Project("{2150E333-8FDC-42A3-9474-1A3956D46DE8}") = "OCR", "OCR", "{DF4949E1-5770-4139-90B1-35DC5CA106A9}"
EndProject
Project("{2150E333-8FDC-42A3-9474-1A3956D46DE8}") = "Tests", "Tests", "{5F7E62A4-FB8F-40F6-B517-A87CC1B27809}"
EndProject
Project("{2150E333-8FDC-42A3-9474-1A3956D46DE8}") = "Tests", "Tests", "{017E5233-0F93-49C8-BF9F-9491E9E8EE4A}"
EndProject
Project("{9A19103F-16F7-4668-BE54-9A1E7A4F7556}") = "TaskManager.Api", "src\TaskManager\TaskManager.Api\TaskManager.Api.csproj", "{E3782403-C2DB-4169-BA23-C5394189600A}"
EndProject
Project("{9A19103F-16F7-4668-BE54-9A1E7A4F7556}") = "TaskManager.Domain", "src\TaskManager\TaskManager.Domain\TaskManager.Domain.csproj", "{5048715C-8E23-4AD2-B62F-18FBFE3FE254}"
EndProject
Project("{9A19103F-16F7-4668-BE54-9A1E7A4F7556}") = "TaskManager.Infrastructure", "src\TaskManager\TaskManager.Infrasture\TaskManager.Infrastructure.csproj", "{679FE4CF-8E73-41B4-9E14-A676D94457B4}"
EndProject
Project("{9A19103F-16F7-4668-BE54-9A1E7A4F7556}") = "TaskManager.Worker", "src\TaskManager\TaskManager.Worker\TaskManager.Worker.csproj", "{5505FC70-9EFE-4E6E-8D77-4D0B0A72F52F}"
EndProject
Project("{9A19103F-16F7-4668-BE54-9A1E7A4F7556}") = "OCR.Api", "src\OCR\OCR.Api\OCR.Api.csproj", "{3B8C960F-382E-4CEB-AF45-295725F09F92}"
EndProject
Project("{9A19103F-16F7-4668-BE54-9A1E7A4F7556}") = "OCR.Domain", "src\OCR\OCR.Domain\OCR.Domain.csproj", "{4B302FA2-AA07-405E-9FF7-FE7B70EDB139}"
EndProject
Project("{9A19103F-16F7-4668-BE54-9A1E7A4F7556}") = "OCR.Infrastructure", "src\OCR\OCR.Infrastructure\OCR.Infrastructure.csproj", "{8991AB66-1831-4056-8E20-7C3F31A48AE8}"
EndProject
Project("{9A19103F-16F7-4668-BE54-9A1E7A4F7556}") = "OCR.Worker", "src\OCR\OCR.Worker\OCR.Worker.csproj", "{B2140AA2-6BC8-4CDF-91DF-5FCF417EFD6C}"
EndProject
Project("{9A19103F-16F7-4668-BE54-9A1E7A4F7556}") = "Notifikation.Api", "src\Notifikation\Notifikation.Api\Notifikation.Api.csproj", "{FB66633D-DCB5-4BCB-9B8C-7CA792959662}"
EndProject
Project("{9A19103F-16F7-4668-BE54-9A1E7A4F7556}") = "Notifikation.Infrastructure", "src\Notifikation\Notifikation.Infrastucture\Notifikation.Infrastructure.csproj", "{BA7DE65B-7E91-4ECD-B45A-10A490A01F8D}"
EndProject
Project("{9A19103F-16F7-4668-BE54-9A1E7A4F7556}") = "Notifikation.Domain", "src\Notifikation\Notifikation.Domain\Notifikation.Domain.csproj", "{BE6D4B75-812C-4C14-9AB7-23040C572C40}"
EndProject
Project("{9A19103F-16F7-4668-BE54-9A1E7A4F7556}") = "Notifikation.Worker", "src\Notifikation\Notifikation.Worker\Notifikation.Worker.csproj", "{28BACC67-6B25-4E13-A142-044C8AA442AD}"
EndProject
Project("{9A19103F-16F7-4668-BE54-9A1E7A4F7556}") = "Notifikation.Test", "src\Notifikation\Notifikation.Test\Notifikation.Test.csproj", "{5F07B2CA-686A-4CFE-A16F-F9B8875D4B56}"
EndProject
Project("{9A19103F-16F7-4668-BE54-9A1E7A4F7556}") = "Notifikation.Test.Integration", "src\Notifikation\Notifikation.Api.Test.Integration\Notifikation.Test.Integration.csproj", "{464B3885-EE9B-43A1-B356-3EB4BA3A71F1}"
EndProject
Project("{9A19103F-16F7-4668-BE54-9A1E7A4F7556}") = "Notifikation.Test.EndToEnd", "src\Notifikation\Notifikation.Test.EndToEnd\Notifikation.Test.EndToEnd.csproj", "{BC6F4997-9C31-4114-9EFB-EE5A8BD445A5}"
EndProject
Project("{9A19103F-16F7-4668-BE54-9A1E7A4F7556}") = "OCR.Test", "src\OCR\OCR.Test\OCR.Test.csproj", "{3F896992-7E43-41CC-AD66-CE99A1D950D2}"
EndProject
Project("{9A19103F-16F7-4668-BE54-9A1E7A4F7556}") = "Notifikation.Test.Acceptance", "src\Notifikation\Notifikation.Test.Acceptance\Notifikation.Test.Acceptance.csproj", "{5EFD6681-F545-4097-9C3C-13EA99B3004D}"
EndProject
Project("{2150E333-8FDC-42A3-9474-1A3956D46DE8}") = "eDocument", "eDocument", "{938959E3-DEDD-45A6-A0BE-2051DB898066}"
EndProject
Project("{9A19103F-16F7-4668-BE54-9A1E7A4F7556}") = "eDocument.Api", "src\eDocument\eDocument.Api\eDocument.Api.csproj", "{5EA2AD3F-BEAB-451E-AC46-4058F536C441}"
EndProject
Project("{9A19103F-16F7-4668-BE54-9A1E7A4F7556}") = "eDocument.Domain", "src\eDocument\eDocument.Domain\eDocument.Domain.csproj", "{AE9A92B1-4668-4C6A-9E4B-252470A8C10B}"
EndProject
Project("{9A19103F-16F7-4668-BE54-9A1E7A4F7556}") = "eDocument.Infrastructure", "src\eDocument\eDocument.Infrastructure\eDocument.Infrastructure.csproj", "{482DF0F9-A730-41DB-B489-23EDE85C9E41}"
EndProject
Project("{FAE04EC0-301F-11D3-BF4B-00C04F79EFBC}") = "Notifikation.Infrastucture.Test", "src\Notifikation\Notifikation.Infrastucture.Test\Notifikation.Infrastucture.Test.csproj", "{EFABCCB9-BEF1-4772-99C6-936F2BAA376F}"
EndProject
Global
	GlobalSection(SolutionConfigurationPlatforms) = preSolution
		Debug|Any CPU = Debug|Any CPU
		Release|Any CPU = Release|Any CPU
	EndGlobalSection
	GlobalSection(ProjectConfigurationPlatforms) = postSolution
		{E3782403-C2DB-4169-BA23-C5394189600A}.Debug|Any CPU.ActiveCfg = Debug|Any CPU
		{E3782403-C2DB-4169-BA23-C5394189600A}.Debug|Any CPU.Build.0 = Debug|Any CPU
		{E3782403-C2DB-4169-BA23-C5394189600A}.Release|Any CPU.ActiveCfg = Release|Any CPU
		{E3782403-C2DB-4169-BA23-C5394189600A}.Release|Any CPU.Build.0 = Release|Any CPU
		{5048715C-8E23-4AD2-B62F-18FBFE3FE254}.Debug|Any CPU.ActiveCfg = Debug|Any CPU
		{5048715C-8E23-4AD2-B62F-18FBFE3FE254}.Debug|Any CPU.Build.0 = Debug|Any CPU
		{5048715C-8E23-4AD2-B62F-18FBFE3FE254}.Release|Any CPU.ActiveCfg = Release|Any CPU
		{5048715C-8E23-4AD2-B62F-18FBFE3FE254}.Release|Any CPU.Build.0 = Release|Any CPU
		{679FE4CF-8E73-41B4-9E14-A676D94457B4}.Debug|Any CPU.ActiveCfg = Debug|Any CPU
		{679FE4CF-8E73-41B4-9E14-A676D94457B4}.Debug|Any CPU.Build.0 = Debug|Any CPU
		{679FE4CF-8E73-41B4-9E14-A676D94457B4}.Release|Any CPU.ActiveCfg = Release|Any CPU
		{679FE4CF-8E73-41B4-9E14-A676D94457B4}.Release|Any CPU.Build.0 = Release|Any CPU
		{5505FC70-9EFE-4E6E-8D77-4D0B0A72F52F}.Debug|Any CPU.ActiveCfg = Debug|Any CPU
		{5505FC70-9EFE-4E6E-8D77-4D0B0A72F52F}.Debug|Any CPU.Build.0 = Debug|Any CPU
		{5505FC70-9EFE-4E6E-8D77-4D0B0A72F52F}.Release|Any CPU.ActiveCfg = Release|Any CPU
		{5505FC70-9EFE-4E6E-8D77-4D0B0A72F52F}.Release|Any CPU.Build.0 = Release|Any CPU
		{3B8C960F-382E-4CEB-AF45-295725F09F92}.Debug|Any CPU.ActiveCfg = Debug|Any CPU
		{3B8C960F-382E-4CEB-AF45-295725F09F92}.Debug|Any CPU.Build.0 = Debug|Any CPU
		{3B8C960F-382E-4CEB-AF45-295725F09F92}.Release|Any CPU.ActiveCfg = Release|Any CPU
		{3B8C960F-382E-4CEB-AF45-295725F09F92}.Release|Any CPU.Build.0 = Release|Any CPU
		{4B302FA2-AA07-405E-9FF7-FE7B70EDB139}.Debug|Any CPU.ActiveCfg = Debug|Any CPU
		{4B302FA2-AA07-405E-9FF7-FE7B70EDB139}.Debug|Any CPU.Build.0 = Debug|Any CPU
		{4B302FA2-AA07-405E-9FF7-FE7B70EDB139}.Release|Any CPU.ActiveCfg = Release|Any CPU
		{4B302FA2-AA07-405E-9FF7-FE7B70EDB139}.Release|Any CPU.Build.0 = Release|Any CPU
		{8991AB66-1831-4056-8E20-7C3F31A48AE8}.Debug|Any CPU.ActiveCfg = Debug|Any CPU
		{8991AB66-1831-4056-8E20-7C3F31A48AE8}.Debug|Any CPU.Build.0 = Debug|Any CPU
		{8991AB66-1831-4056-8E20-7C3F31A48AE8}.Release|Any CPU.ActiveCfg = Release|Any CPU
		{8991AB66-1831-4056-8E20-7C3F31A48AE8}.Release|Any CPU.Build.0 = Release|Any CPU
		{B2140AA2-6BC8-4CDF-91DF-5FCF417EFD6C}.Debug|Any CPU.ActiveCfg = Debug|Any CPU
		{B2140AA2-6BC8-4CDF-91DF-5FCF417EFD6C}.Debug|Any CPU.Build.0 = Debug|Any CPU
		{B2140AA2-6BC8-4CDF-91DF-5FCF417EFD6C}.Release|Any CPU.ActiveCfg = Release|Any CPU
		{B2140AA2-6BC8-4CDF-91DF-5FCF417EFD6C}.Release|Any CPU.Build.0 = Release|Any CPU
		{FB66633D-DCB5-4BCB-9B8C-7CA792959662}.Debug|Any CPU.ActiveCfg = Debug|Any CPU
		{FB66633D-DCB5-4BCB-9B8C-7CA792959662}.Debug|Any CPU.Build.0 = Debug|Any CPU
		{FB66633D-DCB5-4BCB-9B8C-7CA792959662}.Release|Any CPU.ActiveCfg = Release|Any CPU
		{FB66633D-DCB5-4BCB-9B8C-7CA792959662}.Release|Any CPU.Build.0 = Release|Any CPU
		{BA7DE65B-7E91-4ECD-B45A-10A490A01F8D}.Debug|Any CPU.ActiveCfg = Debug|Any CPU
		{BA7DE65B-7E91-4ECD-B45A-10A490A01F8D}.Debug|Any CPU.Build.0 = Debug|Any CPU
		{BA7DE65B-7E91-4ECD-B45A-10A490A01F8D}.Release|Any CPU.ActiveCfg = Release|Any CPU
		{BA7DE65B-7E91-4ECD-B45A-10A490A01F8D}.Release|Any CPU.Build.0 = Release|Any CPU
		{BE6D4B75-812C-4C14-9AB7-23040C572C40}.Debug|Any CPU.ActiveCfg = Debug|Any CPU
		{BE6D4B75-812C-4C14-9AB7-23040C572C40}.Debug|Any CPU.Build.0 = Debug|Any CPU
		{BE6D4B75-812C-4C14-9AB7-23040C572C40}.Release|Any CPU.ActiveCfg = Release|Any CPU
		{BE6D4B75-812C-4C14-9AB7-23040C572C40}.Release|Any CPU.Build.0 = Release|Any CPU
		{28BACC67-6B25-4E13-A142-044C8AA442AD}.Debug|Any CPU.ActiveCfg = Debug|Any CPU
		{28BACC67-6B25-4E13-A142-044C8AA442AD}.Debug|Any CPU.Build.0 = Debug|Any CPU
		{28BACC67-6B25-4E13-A142-044C8AA442AD}.Release|Any CPU.ActiveCfg = Release|Any CPU
		{28BACC67-6B25-4E13-A142-044C8AA442AD}.Release|Any CPU.Build.0 = Release|Any CPU
		{5F07B2CA-686A-4CFE-A16F-F9B8875D4B56}.Debug|Any CPU.ActiveCfg = Debug|Any CPU
		{5F07B2CA-686A-4CFE-A16F-F9B8875D4B56}.Debug|Any CPU.Build.0 = Debug|Any CPU
		{5F07B2CA-686A-4CFE-A16F-F9B8875D4B56}.Release|Any CPU.ActiveCfg = Release|Any CPU
		{5F07B2CA-686A-4CFE-A16F-F9B8875D4B56}.Release|Any CPU.Build.0 = Release|Any CPU
		{464B3885-EE9B-43A1-B356-3EB4BA3A71F1}.Debug|Any CPU.ActiveCfg = Debug|Any CPU
		{464B3885-EE9B-43A1-B356-3EB4BA3A71F1}.Debug|Any CPU.Build.0 = Debug|Any CPU
		{464B3885-EE9B-43A1-B356-3EB4BA3A71F1}.Release|Any CPU.ActiveCfg = Release|Any CPU
		{464B3885-EE9B-43A1-B356-3EB4BA3A71F1}.Release|Any CPU.Build.0 = Release|Any CPU
		{BC6F4997-9C31-4114-9EFB-EE5A8BD445A5}.Debug|Any CPU.ActiveCfg = Debug|Any CPU
		{BC6F4997-9C31-4114-9EFB-EE5A8BD445A5}.Debug|Any CPU.Build.0 = Debug|Any CPU
		{BC6F4997-9C31-4114-9EFB-EE5A8BD445A5}.Release|Any CPU.ActiveCfg = Release|Any CPU
		{BC6F4997-9C31-4114-9EFB-EE5A8BD445A5}.Release|Any CPU.Build.0 = Release|Any CPU
		{3F896992-7E43-41CC-AD66-CE99A1D950D2}.Debug|Any CPU.ActiveCfg = Debug|Any CPU
		{3F896992-7E43-41CC-AD66-CE99A1D950D2}.Debug|Any CPU.Build.0 = Debug|Any CPU
		{3F896992-7E43-41CC-AD66-CE99A1D950D2}.Release|Any CPU.ActiveCfg = Release|Any CPU
		{3F896992-7E43-41CC-AD66-CE99A1D950D2}.Release|Any CPU.Build.0 = Release|Any CPU
		{5EFD6681-F545-4097-9C3C-13EA99B3004D}.Debug|Any CPU.ActiveCfg = Debug|Any CPU
		{5EFD6681-F545-4097-9C3C-13EA99B3004D}.Debug|Any CPU.Build.0 = Debug|Any CPU
		{5EFD6681-F545-4097-9C3C-13EA99B3004D}.Release|Any CPU.ActiveCfg = Release|Any CPU
		{5EFD6681-F545-4097-9C3C-13EA99B3004D}.Release|Any CPU.Build.0 = Release|Any CPU
		{5EA2AD3F-BEAB-451E-AC46-4058F536C441}.Debug|Any CPU.ActiveCfg = Debug|Any CPU
		{5EA2AD3F-BEAB-451E-AC46-4058F536C441}.Debug|Any CPU.Build.0 = Debug|Any CPU
		{5EA2AD3F-BEAB-451E-AC46-4058F536C441}.Release|Any CPU.ActiveCfg = Release|Any CPU
		{5EA2AD3F-BEAB-451E-AC46-4058F536C441}.Release|Any CPU.Build.0 = Release|Any CPU
		{AE9A92B1-4668-4C6A-9E4B-252470A8C10B}.Debug|Any CPU.ActiveCfg = Debug|Any CPU
		{AE9A92B1-4668-4C6A-9E4B-252470A8C10B}.Debug|Any CPU.Build.0 = Debug|Any CPU
		{AE9A92B1-4668-4C6A-9E4B-252470A8C10B}.Release|Any CPU.ActiveCfg = Release|Any CPU
		{AE9A92B1-4668-4C6A-9E4B-252470A8C10B}.Release|Any CPU.Build.0 = Release|Any CPU
		{482DF0F9-A730-41DB-B489-23EDE85C9E41}.Debug|Any CPU.ActiveCfg = Debug|Any CPU
		{482DF0F9-A730-41DB-B489-23EDE85C9E41}.Debug|Any CPU.Build.0 = Debug|Any CPU
		{482DF0F9-A730-41DB-B489-23EDE85C9E41}.Release|Any CPU.ActiveCfg = Release|Any CPU
		{482DF0F9-A730-41DB-B489-23EDE85C9E41}.Release|Any CPU.Build.0 = Release|Any CPU
		{EFABCCB9-BEF1-4772-99C6-936F2BAA376F}.Debug|Any CPU.ActiveCfg = Debug|Any CPU
		{EFABCCB9-BEF1-4772-99C6-936F2BAA376F}.Debug|Any CPU.Build.0 = Debug|Any CPU
		{EFABCCB9-BEF1-4772-99C6-936F2BAA376F}.Release|Any CPU.ActiveCfg = Release|Any CPU
		{EFABCCB9-BEF1-4772-99C6-936F2BAA376F}.Release|Any CPU.Build.0 = Release|Any CPU
	EndGlobalSection
	GlobalSection(SolutionProperties) = preSolution
		HideSolutionNode = FALSE
	EndGlobalSection
	GlobalSection(NestedProjects) = preSolution
		{5F7E62A4-FB8F-40F6-B517-A87CC1B27809} = {631A58E6-F5AE-4309-B0DE-54D3DFE075C0}
		{017E5233-0F93-49C8-BF9F-9491E9E8EE4A} = {DF4949E1-5770-4139-90B1-35DC5CA106A9}
		{E3782403-C2DB-4169-BA23-C5394189600A} = {26BF30A7-2652-46D9-9A3D-D17B4A10581B}
		{5048715C-8E23-4AD2-B62F-18FBFE3FE254} = {26BF30A7-2652-46D9-9A3D-D17B4A10581B}
		{679FE4CF-8E73-41B4-9E14-A676D94457B4} = {26BF30A7-2652-46D9-9A3D-D17B4A10581B}
		{5505FC70-9EFE-4E6E-8D77-4D0B0A72F52F} = {26BF30A7-2652-46D9-9A3D-D17B4A10581B}
		{3B8C960F-382E-4CEB-AF45-295725F09F92} = {DF4949E1-5770-4139-90B1-35DC5CA106A9}
		{4B302FA2-AA07-405E-9FF7-FE7B70EDB139} = {DF4949E1-5770-4139-90B1-35DC5CA106A9}
		{8991AB66-1831-4056-8E20-7C3F31A48AE8} = {DF4949E1-5770-4139-90B1-35DC5CA106A9}
		{B2140AA2-6BC8-4CDF-91DF-5FCF417EFD6C} = {DF4949E1-5770-4139-90B1-35DC5CA106A9}
		{FB66633D-DCB5-4BCB-9B8C-7CA792959662} = {631A58E6-F5AE-4309-B0DE-54D3DFE075C0}
		{BA7DE65B-7E91-4ECD-B45A-10A490A01F8D} = {631A58E6-F5AE-4309-B0DE-54D3DFE075C0}
		{BE6D4B75-812C-4C14-9AB7-23040C572C40} = {631A58E6-F5AE-4309-B0DE-54D3DFE075C0}
		{28BACC67-6B25-4E13-A142-044C8AA442AD} = {631A58E6-F5AE-4309-B0DE-54D3DFE075C0}
		{5F07B2CA-686A-4CFE-A16F-F9B8875D4B56} = {5F7E62A4-FB8F-40F6-B517-A87CC1B27809}
		{464B3885-EE9B-43A1-B356-3EB4BA3A71F1} = {5F7E62A4-FB8F-40F6-B517-A87CC1B27809}
		{BC6F4997-9C31-4114-9EFB-EE5A8BD445A5} = {5F7E62A4-FB8F-40F6-B517-A87CC1B27809}
		{3F896992-7E43-41CC-AD66-CE99A1D950D2} = {017E5233-0F93-49C8-BF9F-9491E9E8EE4A}
		{5EFD6681-F545-4097-9C3C-13EA99B3004D} = {5F7E62A4-FB8F-40F6-B517-A87CC1B27809}
		{5EA2AD3F-BEAB-451E-AC46-4058F536C441} = {938959E3-DEDD-45A6-A0BE-2051DB898066}
		{AE9A92B1-4668-4C6A-9E4B-252470A8C10B} = {938959E3-DEDD-45A6-A0BE-2051DB898066}
		{482DF0F9-A730-41DB-B489-23EDE85C9E41} = {938959E3-DEDD-45A6-A0BE-2051DB898066}
		{EFABCCB9-BEF1-4772-99C6-936F2BAA376F} = {5F7E62A4-FB8F-40F6-B517-A87CC1B27809}
	EndGlobalSection
	GlobalSection(ExtensibilityGlobals) = postSolution
		SolutionGuid = {39A42E0C-9133-478E-81DC-F65338226F6F}
	EndGlobalSection
EndGlobal
