
Microsoft Visual Studio Solution File, Format Version 12.00
# Visual Studio Version 16
VisualStudioVersion = 16.0.30011.22
MinimumVisualStudioVersion = 10.0.40219.1
Project("{9A19103F-16F7-4668-BE54-9A1E7A4F7556}") = "eDocument.Infrastructure", "eDocument.Infrastructure\eDocument.Infrastructure.csproj", "{08E03481-E09F-4311-B6CC-0B22753B0F2E}"
EndProject
Project("{2150E333-8FDC-42A3-9474-1A3956D46DE8}") = "Notifikation", "Notifikation", "{631A58E6-F5AE-4309-B0DE-54D3DFE075C0}"
EndProject
Project("{9A19103F-16F7-4668-BE54-9A1E7A4F7556}") = "Notifikation.Domain", "Notifikation.Domain\Notifikation.Domain.csproj", "{B9A787A9-54C2-471A-9622-B3505412E0D7}"
EndProject
Project("{9A19103F-16F7-4668-BE54-9A1E7A4F7556}") = "Notifikation.Infrastructure", "Notifikation.Infrastucture\Notifikation.Infrastructure.csproj", "{4C523462-B979-4897-B9F3-E51224B136C9}"
EndProject
Project("{2150E333-8FDC-42A3-9474-1A3956D46DE8}") = "TaskManager", "TaskManager", "{26BF30A7-2652-46D9-9A3D-D17B4A10581B}"
EndProject
Project("{9A19103F-16F7-4668-BE54-9A1E7A4F7556}") = "TaskManager.Domain", "TaskManager.Domain\TaskManager.Domain.csproj", "{6E83B91E-5D1B-49BC-AC86-2FE544901E6F}"
EndProject
Project("{9A19103F-16F7-4668-BE54-9A1E7A4F7556}") = "TaskManager.Infrastructure", "TaskManager.Infrasture\TaskManager.Infrastructure.csproj", "{B3FED937-6EB1-479A-8CC8-79276AB0C1E8}"
EndProject
Project("{9A19103F-16F7-4668-BE54-9A1E7A4F7556}") = "TaskManager.Worker", "TaskManager.Worker\TaskManager.Worker.csproj", "{A187D4A3-C0B7-4124-8D40-FA18CBB880A7}"
EndProject
Project("{9A19103F-16F7-4668-BE54-9A1E7A4F7556}") = "TaskManager.Api", "TaskManager.Api\TaskManager.Api.csproj", "{E8F8B4ED-CEDF-480A-855B-7DDCC2994F7F}"
EndProject
Project("{2150E333-8FDC-42A3-9474-1A3956D46DE8}") = "OCR", "OCR", "{DF4949E1-5770-4139-90B1-35DC5CA106A9}"
EndProject
Project("{9A19103F-16F7-4668-BE54-9A1E7A4F7556}") = "OCR.Domain", "OCR.Domain\OCR.Domain.csproj", "{381DAC96-7CC2-4F96-8140-52A0741D1FAD}"
EndProject
Project("{9A19103F-16F7-4668-BE54-9A1E7A4F7556}") = "OCR.Infrastructure", "OCR.Infrastructure\OCR.Infrastructure.csproj", "{0953DBFF-65CB-4E1A-8715-AB1CF6D2B538}"
EndProject
Project("{9A19103F-16F7-4668-BE54-9A1E7A4F7556}") = "OCR.Api", "OCR.Api\OCR.Api.csproj", "{52B1BB18-13EF-4FDF-9F84-7680C95E2AC1}"
EndProject
Project("{9A19103F-16F7-4668-BE54-9A1E7A4F7556}") = "OCR.Worker", "OCR.Worker\OCR.Worker.csproj", "{80A5CF92-55E3-4AC7-AA7D-D21F9C59C9B8}"
EndProject
Project("{9A19103F-16F7-4668-BE54-9A1E7A4F7556}") = "Notifikation.Worker", "Notifikation.Worker\Notifikation.Worker.csproj", "{AD3407C9-6800-4124-A825-5A857E2DBD8E}"
EndProject
Project("{9A19103F-16F7-4668-BE54-9A1E7A4F7556}") = "Notifikation.Api", "Notifikation.Api\Notifikation.Api.csproj", "{B6B13289-97AD-4FC9-A824-467E69378543}"
EndProject
Project("{2150E333-8FDC-42A3-9474-1A3956D46DE8}") = "Tests", "Tests", "{5F7E62A4-FB8F-40F6-B517-A87CC1B27809}"
EndProject
Project("{9A19103F-16F7-4668-BE54-9A1E7A4F7556}") = "Notifikation.Test.Integration", "Notifikation.Api.Test.Integration\Notifikation.Test.Integration.csproj", "{154DC6F4-C6D0-4C57-A78C-DC6228A9D900}"
EndProject
Project("{9A19103F-16F7-4668-BE54-9A1E7A4F7556}") = "Notifikation.Test.EndToEnd", "Notifikation.Test.EndToEnd\Notifikation.Test.EndToEnd.csproj", "{78305A68-C037-4312-9195-640C52E8533F}"
EndProject
Global
	GlobalSection(SolutionConfigurationPlatforms) = preSolution
		Debug|Any CPU = Debug|Any CPU
		Release|Any CPU = Release|Any CPU
	EndGlobalSection
	GlobalSection(ProjectConfigurationPlatforms) = postSolution
		{08E03481-E09F-4311-B6CC-0B22753B0F2E}.Debug|Any CPU.ActiveCfg = Debug|Any CPU
		{08E03481-E09F-4311-B6CC-0B22753B0F2E}.Debug|Any CPU.Build.0 = Debug|Any CPU
		{08E03481-E09F-4311-B6CC-0B22753B0F2E}.Release|Any CPU.ActiveCfg = Release|Any CPU
		{08E03481-E09F-4311-B6CC-0B22753B0F2E}.Release|Any CPU.Build.0 = Release|Any CPU
		{B9A787A9-54C2-471A-9622-B3505412E0D7}.Debug|Any CPU.ActiveCfg = Debug|Any CPU
		{B9A787A9-54C2-471A-9622-B3505412E0D7}.Debug|Any CPU.Build.0 = Debug|Any CPU
		{B9A787A9-54C2-471A-9622-B3505412E0D7}.Release|Any CPU.ActiveCfg = Release|Any CPU
		{B9A787A9-54C2-471A-9622-B3505412E0D7}.Release|Any CPU.Build.0 = Release|Any CPU
		{4C523462-B979-4897-B9F3-E51224B136C9}.Debug|Any CPU.ActiveCfg = Debug|Any CPU
		{4C523462-B979-4897-B9F3-E51224B136C9}.Debug|Any CPU.Build.0 = Debug|Any CPU
		{4C523462-B979-4897-B9F3-E51224B136C9}.Release|Any CPU.ActiveCfg = Release|Any CPU
		{4C523462-B979-4897-B9F3-E51224B136C9}.Release|Any CPU.Build.0 = Release|Any CPU
		{6E83B91E-5D1B-49BC-AC86-2FE544901E6F}.Debug|Any CPU.ActiveCfg = Debug|Any CPU
		{6E83B91E-5D1B-49BC-AC86-2FE544901E6F}.Debug|Any CPU.Build.0 = Debug|Any CPU
		{6E83B91E-5D1B-49BC-AC86-2FE544901E6F}.Release|Any CPU.ActiveCfg = Release|Any CPU
		{6E83B91E-5D1B-49BC-AC86-2FE544901E6F}.Release|Any CPU.Build.0 = Release|Any CPU
		{B3FED937-6EB1-479A-8CC8-79276AB0C1E8}.Debug|Any CPU.ActiveCfg = Debug|Any CPU
		{B3FED937-6EB1-479A-8CC8-79276AB0C1E8}.Debug|Any CPU.Build.0 = Debug|Any CPU
		{B3FED937-6EB1-479A-8CC8-79276AB0C1E8}.Release|Any CPU.ActiveCfg = Release|Any CPU
		{B3FED937-6EB1-479A-8CC8-79276AB0C1E8}.Release|Any CPU.Build.0 = Release|Any CPU
		{A187D4A3-C0B7-4124-8D40-FA18CBB880A7}.Debug|Any CPU.ActiveCfg = Debug|Any CPU
		{A187D4A3-C0B7-4124-8D40-FA18CBB880A7}.Debug|Any CPU.Build.0 = Debug|Any CPU
		{A187D4A3-C0B7-4124-8D40-FA18CBB880A7}.Release|Any CPU.ActiveCfg = Release|Any CPU
		{A187D4A3-C0B7-4124-8D40-FA18CBB880A7}.Release|Any CPU.Build.0 = Release|Any CPU
		{E8F8B4ED-CEDF-480A-855B-7DDCC2994F7F}.Debug|Any CPU.ActiveCfg = Debug|Any CPU
		{E8F8B4ED-CEDF-480A-855B-7DDCC2994F7F}.Debug|Any CPU.Build.0 = Debug|Any CPU
		{E8F8B4ED-CEDF-480A-855B-7DDCC2994F7F}.Release|Any CPU.ActiveCfg = Release|Any CPU
		{E8F8B4ED-CEDF-480A-855B-7DDCC2994F7F}.Release|Any CPU.Build.0 = Release|Any CPU
		{381DAC96-7CC2-4F96-8140-52A0741D1FAD}.Debug|Any CPU.ActiveCfg = Debug|Any CPU
		{381DAC96-7CC2-4F96-8140-52A0741D1FAD}.Debug|Any CPU.Build.0 = Debug|Any CPU
		{381DAC96-7CC2-4F96-8140-52A0741D1FAD}.Release|Any CPU.ActiveCfg = Release|Any CPU
		{381DAC96-7CC2-4F96-8140-52A0741D1FAD}.Release|Any CPU.Build.0 = Release|Any CPU
		{0953DBFF-65CB-4E1A-8715-AB1CF6D2B538}.Debug|Any CPU.ActiveCfg = Debug|Any CPU
		{0953DBFF-65CB-4E1A-8715-AB1CF6D2B538}.Debug|Any CPU.Build.0 = Debug|Any CPU
		{0953DBFF-65CB-4E1A-8715-AB1CF6D2B538}.Release|Any CPU.ActiveCfg = Release|Any CPU
		{0953DBFF-65CB-4E1A-8715-AB1CF6D2B538}.Release|Any CPU.Build.0 = Release|Any CPU
		{52B1BB18-13EF-4FDF-9F84-7680C95E2AC1}.Debug|Any CPU.ActiveCfg = Debug|Any CPU
		{52B1BB18-13EF-4FDF-9F84-7680C95E2AC1}.Debug|Any CPU.Build.0 = Debug|Any CPU
		{52B1BB18-13EF-4FDF-9F84-7680C95E2AC1}.Release|Any CPU.ActiveCfg = Release|Any CPU
		{52B1BB18-13EF-4FDF-9F84-7680C95E2AC1}.Release|Any CPU.Build.0 = Release|Any CPU
		{80A5CF92-55E3-4AC7-AA7D-D21F9C59C9B8}.Debug|Any CPU.ActiveCfg = Debug|Any CPU
		{80A5CF92-55E3-4AC7-AA7D-D21F9C59C9B8}.Debug|Any CPU.Build.0 = Debug|Any CPU
		{80A5CF92-55E3-4AC7-AA7D-D21F9C59C9B8}.Release|Any CPU.ActiveCfg = Release|Any CPU
		{80A5CF92-55E3-4AC7-AA7D-D21F9C59C9B8}.Release|Any CPU.Build.0 = Release|Any CPU
		{AD3407C9-6800-4124-A825-5A857E2DBD8E}.Debug|Any CPU.ActiveCfg = Debug|Any CPU
		{AD3407C9-6800-4124-A825-5A857E2DBD8E}.Debug|Any CPU.Build.0 = Debug|Any CPU
		{AD3407C9-6800-4124-A825-5A857E2DBD8E}.Release|Any CPU.ActiveCfg = Release|Any CPU
		{AD3407C9-6800-4124-A825-5A857E2DBD8E}.Release|Any CPU.Build.0 = Release|Any CPU
		{B6B13289-97AD-4FC9-A824-467E69378543}.Debug|Any CPU.ActiveCfg = Debug|Any CPU
		{B6B13289-97AD-4FC9-A824-467E69378543}.Debug|Any CPU.Build.0 = Debug|Any CPU
		{B6B13289-97AD-4FC9-A824-467E69378543}.Release|Any CPU.ActiveCfg = Release|Any CPU
		{B6B13289-97AD-4FC9-A824-467E69378543}.Release|Any CPU.Build.0 = Release|Any CPU
		{154DC6F4-C6D0-4C57-A78C-DC6228A9D900}.Debug|Any CPU.ActiveCfg = Debug|Any CPU
		{154DC6F4-C6D0-4C57-A78C-DC6228A9D900}.Debug|Any CPU.Build.0 = Debug|Any CPU
		{154DC6F4-C6D0-4C57-A78C-DC6228A9D900}.Release|Any CPU.ActiveCfg = Release|Any CPU
		{154DC6F4-C6D0-4C57-A78C-DC6228A9D900}.Release|Any CPU.Build.0 = Release|Any CPU
		{78305A68-C037-4312-9195-640C52E8533F}.Debug|Any CPU.ActiveCfg = Debug|Any CPU
		{78305A68-C037-4312-9195-640C52E8533F}.Debug|Any CPU.Build.0 = Debug|Any CPU
		{78305A68-C037-4312-9195-640C52E8533F}.Release|Any CPU.ActiveCfg = Release|Any CPU
		{78305A68-C037-4312-9195-640C52E8533F}.Release|Any CPU.Build.0 = Release|Any CPU
	EndGlobalSection
	GlobalSection(SolutionProperties) = preSolution
		HideSolutionNode = FALSE
	EndGlobalSection
	GlobalSection(NestedProjects) = preSolution
		{B9A787A9-54C2-471A-9622-B3505412E0D7} = {631A58E6-F5AE-4309-B0DE-54D3DFE075C0}
		{4C523462-B979-4897-B9F3-E51224B136C9} = {631A58E6-F5AE-4309-B0DE-54D3DFE075C0}
		{6E83B91E-5D1B-49BC-AC86-2FE544901E6F} = {26BF30A7-2652-46D9-9A3D-D17B4A10581B}
		{B3FED937-6EB1-479A-8CC8-79276AB0C1E8} = {26BF30A7-2652-46D9-9A3D-D17B4A10581B}
		{A187D4A3-C0B7-4124-8D40-FA18CBB880A7} = {26BF30A7-2652-46D9-9A3D-D17B4A10581B}
		{E8F8B4ED-CEDF-480A-855B-7DDCC2994F7F} = {26BF30A7-2652-46D9-9A3D-D17B4A10581B}
		{381DAC96-7CC2-4F96-8140-52A0741D1FAD} = {DF4949E1-5770-4139-90B1-35DC5CA106A9}
		{0953DBFF-65CB-4E1A-8715-AB1CF6D2B538} = {DF4949E1-5770-4139-90B1-35DC5CA106A9}
		{52B1BB18-13EF-4FDF-9F84-7680C95E2AC1} = {DF4949E1-5770-4139-90B1-35DC5CA106A9}
		{80A5CF92-55E3-4AC7-AA7D-D21F9C59C9B8} = {DF4949E1-5770-4139-90B1-35DC5CA106A9}
		{AD3407C9-6800-4124-A825-5A857E2DBD8E} = {631A58E6-F5AE-4309-B0DE-54D3DFE075C0}
		{B6B13289-97AD-4FC9-A824-467E69378543} = {631A58E6-F5AE-4309-B0DE-54D3DFE075C0}
		{5F7E62A4-FB8F-40F6-B517-A87CC1B27809} = {631A58E6-F5AE-4309-B0DE-54D3DFE075C0}
		{154DC6F4-C6D0-4C57-A78C-DC6228A9D900} = {5F7E62A4-FB8F-40F6-B517-A87CC1B27809}
		{78305A68-C037-4312-9195-640C52E8533F} = {5F7E62A4-FB8F-40F6-B517-A87CC1B27809}
	EndGlobalSection
	GlobalSection(ExtensibilityGlobals) = postSolution
		SolutionGuid = {39A42E0C-9133-478E-81DC-F65338226F6F}
	EndGlobalSection
EndGlobal
